
Microsoft Visual Studio Solution File, Format Version 12.00
# Visual Studio Version 17
VisualStudioVersion = 17.0.32014.148
MinimumVisualStudioVersion = 10.0.40219.1
Project("{9A19103F-16F7-4668-BE54-9A1E7A4F7556}") = "Binner.Web", "Binner.Web\Binner.Web.csproj", "{F353F747-5968-4761-BF8C-FA813D7FF6E4}"
EndProject
Project("{9A19103F-16F7-4668-BE54-9A1E7A4F7556}") = "Binner.Common", "Library\Binner.Common\Binner.Common.csproj", "{A38B9ACE-0E92-48E3-8A86-9FF6AB6442C9}"
EndProject
Project("{9A19103F-16F7-4668-BE54-9A1E7A4F7556}") = "Binner.Web.Tests", "Tests\Binner.Web.Tests\Binner.Web.Tests.csproj", "{0757A85F-FDA8-41B3-AAD3-B60D5F791EC7}"
EndProject
Project("{2150E333-8FDC-42A3-9474-1A3956D46DE8}") = "Library", "Library", "{2D9C4743-1B04-41B1-A12F-4CCF6F5BAB3E}"
EndProject
Project("{2150E333-8FDC-42A3-9474-1A3956D46DE8}") = "Tests", "Tests", "{3FF195C3-1F60-48E5-9EAB-1C4AAC791ABA}"
EndProject
Project("{9A19103F-16F7-4668-BE54-9A1E7A4F7556}") = "Binner.Common.Tests", "Tests\Binner.Common.Tests\Binner.Common.Tests.csproj", "{FF69AD29-B3F1-499C-908A-9E2FFAFED7D9}"
EndProject
Project("{2150E333-8FDC-42A3-9474-1A3956D46DE8}") = "Application", "Application", "{AEDE65C0-249F-42B0-8C80-49422C006CC2}"
EndProject
Project("{2150E333-8FDC-42A3-9474-1A3956D46DE8}") = "LinkedPackages", "LinkedPackages", "{5E8D1F9D-68C0-444A-B04F-5AAC822D684E}"
EndProject
Project("{9A19103F-16F7-4668-BE54-9A1E7A4F7556}") = "Binner.Model.Common", "..\..\Binner.Model.Common\Binner.Model.Common\Binner.Model.Common.csproj", "{C20F9564-A622-4361-A77B-9306C6960A36}"
EndProject
Project("{9A19103F-16F7-4668-BE54-9A1E7A4F7556}") = "Binner.StorageProvider.MySql", "..\..\Binner.StorageProvider.MySql\Binner.StorageProvider.MySql\Binner.StorageProvider.MySql\Binner.StorageProvider.MySql.csproj", "{86E6D3DE-87B1-44E8-850D-B8ED07F832AE}"
EndProject
Project("{9A19103F-16F7-4668-BE54-9A1E7A4F7556}") = "Binner.StorageProvider.Postgresql", "..\..\Binner.StorageProvider.Postgresql\Binner.StorageProvider.Postgresql\Binner.StorageProvider.Postgresql\Binner.StorageProvider.Postgresql.csproj", "{A3BD6C9B-3E22-4498-9176-A5BC62621923}"
EndProject
Project("{9A19103F-16F7-4668-BE54-9A1E7A4F7556}") = "Binner.StorageProvider.Sqlite", "..\..\Binner.StorageProvider.Sqlite\Binner.StorageProvider.Sqlite\Binner.StorageProvider.Sqlite\Binner.StorageProvider.Sqlite.csproj", "{D33BCB54-67C3-4E66-B3A3-3F64F56CA5F7}"
EndProject
Project("{9A19103F-16F7-4668-BE54-9A1E7A4F7556}") = "Binner.StorageProvider.SqlServer", "..\..\Binner.StorageProvider.SqlServer\Binner.StorageProvider.SqlServer\Binner.StorageProvider.SqlServer\Binner.StorageProvider.SqlServer.csproj", "{4609E099-7C4F-4300-B8FA-DFEC2B741550}"
EndProject
Project("{9A19103F-16F7-4668-BE54-9A1E7A4F7556}") = "Nexar.Client", "Library\Nexar.Client\Nexar.Client.csproj", "{96CA5CD2-F2A4-435C-A71B-D37E1C758C8A}"
EndProject
Global
	GlobalSection(SolutionConfigurationPlatforms) = preSolution
		Debug|Any CPU = Debug|Any CPU
		Release|Any CPU = Release|Any CPU
	EndGlobalSection
	GlobalSection(ProjectConfigurationPlatforms) = postSolution
		{F353F747-5968-4761-BF8C-FA813D7FF6E4}.Debug|Any CPU.ActiveCfg = Debug|Any CPU
		{F353F747-5968-4761-BF8C-FA813D7FF6E4}.Debug|Any CPU.Build.0 = Debug|Any CPU
		{F353F747-5968-4761-BF8C-FA813D7FF6E4}.Release|Any CPU.ActiveCfg = Release|Any CPU
		{F353F747-5968-4761-BF8C-FA813D7FF6E4}.Release|Any CPU.Build.0 = Release|Any CPU
		{A38B9ACE-0E92-48E3-8A86-9FF6AB6442C9}.Debug|Any CPU.ActiveCfg = Debug|Any CPU
		{A38B9ACE-0E92-48E3-8A86-9FF6AB6442C9}.Debug|Any CPU.Build.0 = Debug|Any CPU
		{A38B9ACE-0E92-48E3-8A86-9FF6AB6442C9}.Release|Any CPU.ActiveCfg = Release|Any CPU
		{A38B9ACE-0E92-48E3-8A86-9FF6AB6442C9}.Release|Any CPU.Build.0 = Release|Any CPU
		{0757A85F-FDA8-41B3-AAD3-B60D5F791EC7}.Debug|Any CPU.ActiveCfg = Debug|Any CPU
		{0757A85F-FDA8-41B3-AAD3-B60D5F791EC7}.Debug|Any CPU.Build.0 = Debug|Any CPU
		{0757A85F-FDA8-41B3-AAD3-B60D5F791EC7}.Release|Any CPU.ActiveCfg = Release|Any CPU
		{0757A85F-FDA8-41B3-AAD3-B60D5F791EC7}.Release|Any CPU.Build.0 = Release|Any CPU
		{FF69AD29-B3F1-499C-908A-9E2FFAFED7D9}.Debug|Any CPU.ActiveCfg = Debug|Any CPU
		{FF69AD29-B3F1-499C-908A-9E2FFAFED7D9}.Debug|Any CPU.Build.0 = Debug|Any CPU
		{FF69AD29-B3F1-499C-908A-9E2FFAFED7D9}.Release|Any CPU.ActiveCfg = Release|Any CPU
		{FF69AD29-B3F1-499C-908A-9E2FFAFED7D9}.Release|Any CPU.Build.0 = Release|Any CPU
		{C20F9564-A622-4361-A77B-9306C6960A36}.Debug|Any CPU.ActiveCfg = Debug|Any CPU
		{C20F9564-A622-4361-A77B-9306C6960A36}.Debug|Any CPU.Build.0 = Debug|Any CPU
		{C20F9564-A622-4361-A77B-9306C6960A36}.Release|Any CPU.ActiveCfg = Release|Any CPU
		{86E6D3DE-87B1-44E8-850D-B8ED07F832AE}.Debug|Any CPU.ActiveCfg = Debug|Any CPU
		{86E6D3DE-87B1-44E8-850D-B8ED07F832AE}.Debug|Any CPU.Build.0 = Debug|Any CPU
		{86E6D3DE-87B1-44E8-850D-B8ED07F832AE}.Release|Any CPU.ActiveCfg = Release|Any CPU
		{A3BD6C9B-3E22-4498-9176-A5BC62621923}.Debug|Any CPU.ActiveCfg = Debug|Any CPU
		{A3BD6C9B-3E22-4498-9176-A5BC62621923}.Debug|Any CPU.Build.0 = Debug|Any CPU
		{A3BD6C9B-3E22-4498-9176-A5BC62621923}.Release|Any CPU.ActiveCfg = Release|Any CPU
		{D33BCB54-67C3-4E66-B3A3-3F64F56CA5F7}.Debug|Any CPU.ActiveCfg = Debug|Any CPU
		{D33BCB54-67C3-4E66-B3A3-3F64F56CA5F7}.Debug|Any CPU.Build.0 = Debug|Any CPU
		{D33BCB54-67C3-4E66-B3A3-3F64F56CA5F7}.Release|Any CPU.ActiveCfg = Release|Any CPU
		{4609E099-7C4F-4300-B8FA-DFEC2B741550}.Debug|Any CPU.ActiveCfg = Debug|Any CPU
		{4609E099-7C4F-4300-B8FA-DFEC2B741550}.Debug|Any CPU.Build.0 = Debug|Any CPU
		{4609E099-7C4F-4300-B8FA-DFEC2B741550}.Release|Any CPU.ActiveCfg = Release|Any CPU
		{96CA5CD2-F2A4-435C-A71B-D37E1C758C8A}.Debug|Any CPU.ActiveCfg = Debug|Any CPU
		{96CA5CD2-F2A4-435C-A71B-D37E1C758C8A}.Debug|Any CPU.Build.0 = Debug|Any CPU
		{96CA5CD2-F2A4-435C-A71B-D37E1C758C8A}.Release|Any CPU.ActiveCfg = Release|Any CPU
		{96CA5CD2-F2A4-435C-A71B-D37E1C758C8A}.Release|Any CPU.Build.0 = Release|Any CPU
	EndGlobalSection
	GlobalSection(SolutionProperties) = preSolution
		HideSolutionNode = FALSE
	EndGlobalSection
	GlobalSection(NestedProjects) = preSolution
		{F353F747-5968-4761-BF8C-FA813D7FF6E4} = {AEDE65C0-249F-42B0-8C80-49422C006CC2}
		{A38B9ACE-0E92-48E3-8A86-9FF6AB6442C9} = {2D9C4743-1B04-41B1-A12F-4CCF6F5BAB3E}
		{0757A85F-FDA8-41B3-AAD3-B60D5F791EC7} = {3FF195C3-1F60-48E5-9EAB-1C4AAC791ABA}
		{FF69AD29-B3F1-499C-908A-9E2FFAFED7D9} = {3FF195C3-1F60-48E5-9EAB-1C4AAC791ABA}
		{C20F9564-A622-4361-A77B-9306C6960A36} = {5E8D1F9D-68C0-444A-B04F-5AAC822D684E}
		{86E6D3DE-87B1-44E8-850D-B8ED07F832AE} = {5E8D1F9D-68C0-444A-B04F-5AAC822D684E}
		{A3BD6C9B-3E22-4498-9176-A5BC62621923} = {5E8D1F9D-68C0-444A-B04F-5AAC822D684E}
		{D33BCB54-67C3-4E66-B3A3-3F64F56CA5F7} = {5E8D1F9D-68C0-444A-B04F-5AAC822D684E}
		{4609E099-7C4F-4300-B8FA-DFEC2B741550} = {5E8D1F9D-68C0-444A-B04F-5AAC822D684E}
		{96CA5CD2-F2A4-435C-A71B-D37E1C758C8A} = {2D9C4743-1B04-41B1-A12F-4CCF6F5BAB3E}
	EndGlobalSection
	GlobalSection(ExtensibilityGlobals) = postSolution
		SolutionGuid = {413F8D19-37B6-4A57-858F-DD8AFF2DAE96}
	EndGlobalSection
EndGlobal
